// !$*UTF8*$!
{
	archiveVersion = 1;
	classes = {
	};
	objectVersion = 50;
	objects = {

/* Begin PBXFileReference section */
		2A7CEE9825BFC2CB0084EBE0 /* MotorPIDControl.ino */ = {isa = PBXFileReference; lastKnownFileType = text; name = MotorPIDControl.ino; path = MotorPIDControl/MotorPIDControl.ino; sourceTree = "<group>"; };
		2A7CEE9925BFC39F0084EBE0 /* MotorPWMResponse.ino */ = {isa = PBXFileReference; lastKnownFileType = text; name = MotorPWMResponse.ino; path = MotorPWMResponse/MotorPWMResponse.ino; sourceTree = "<group>"; };
		2A7CEE9A25C0E5970084EBE0 /* PID_Position_OK */ = {isa = PBXFileReference; lastKnownFileType = folder; path = PID_Position_OK; sourceTree = "<group>"; };
		2A827FD62309AF0600A3B13E /* ESP */ = {isa = PBXFileReference; lastKnownFileType = folder; path = ESP; sourceTree = "<group>"; };
		2A827FDA2309B19C00A3B13E /* init */ = {isa = PBXFileReference; lastKnownFileType = folder; path = init; sourceTree = "<group>"; };
		2A827FDB2309B1BB00A3B13E /* index.html */ = {isa = PBXFileReference; lastKnownFileType = text.html; path = index.html; sourceTree = "<group>"; };
		2A827FDC2309B3D700A3B13E /* index1.html */ = {isa = PBXFileReference; lastKnownFileType = text.html; path = index1.html; sourceTree = "<group>"; };
		2A827FDD230A04FD00A3B13E /* UART2.ino */ = {isa = PBXFileReference; lastKnownFileType = text; name = UART2.ino; path = UART2/UART2.ino; sourceTree = "<group>"; };
		2A827FDE230C7BD300A3B13E /* ESP-Serial-Documentation.txt */ = {isa = PBXFileReference; lastKnownFileType = text; path = "ESP-Serial-Documentation.txt"; sourceTree = "<group>"; };
/* End PBXFileReference section */

/* Begin PBXGroup section */
		2A827FCD23079F4200A3B13E = {
			isa = PBXGroup;
			children = (
				2A7CEE9A25C0E5970084EBE0 /* PID_Position_OK */,
				2A7CEE9925BFC39F0084EBE0 /* MotorPWMResponse.ino */,
				2A7CEE9825BFC2CB0084EBE0 /* MotorPIDControl.ino */,
				2A827FDE230C7BD300A3B13E /* ESP-Serial-Documentation.txt */,
				2A827FDD230A04FD00A3B13E /* UART2.ino */,
				2A827FDC2309B3D700A3B13E /* index1.html */,
				2A827FDB2309B1BB00A3B13E /* index.html */,
				2A827FDA2309B19C00A3B13E /* init */,
				2A827FD62309AF0600A3B13E /* ESP */,
			);
			sourceTree = "<group>";
		};
/* End PBXGroup section */

/* Begin PBXProject section */
		2A827FCE23079F4200A3B13E /* Project object */ = {
			isa = PBXProject;
			attributes = {
				LastUpgradeCheck = 1000;
			};
			buildConfigurationList = 2A827FD123079F4200A3B13E /* Build configuration list for PBXProject "ArduinoDIYOpticalEncoder" */;
			compatibilityVersion = "Xcode 9.3";
			developmentRegion = en;
			hasScannedForEncodings = 0;
			knownRegions = (
				en,
			);
			mainGroup = 2A827FCD23079F4200A3B13E;
			projectDirPath = "";
			projectRoot = "";
			targets = (
			);
		};
/* End PBXProject section */

/* Begin XCBuildConfiguration section */
		2A827FD223079F4200A3B13E /* Debug */ = {
			isa = XCBuildConfiguration;
			buildSettings = {
			};
			name = Debug;
		};
		2A827FD323079F4200A3B13E /* Release */ = {
			isa = XCBuildConfiguration;
			buildSettings = {
			};
			name = Release;
		};
/* End XCBuildConfiguration section */

/* Begin XCConfigurationList section */
		2A827FD123079F4200A3B13E /* Build configuration list for PBXProject "ArduinoDIYOpticalEncoder" */ = {
			isa = XCConfigurationList;
			buildConfigurations = (
				2A827FD223079F4200A3B13E /* Debug */,
				2A827FD323079F4200A3B13E /* Release */,
			);
			defaultConfigurationIsVisible = 0;
			defaultConfigurationName = Release;
		};
/* End XCConfigurationList section */
	};
	rootObject = 2A827FCE23079F4200A3B13E /* Project object */;
}
