// !$*UTF8*$!
{
	archiveVersion = 1;
	classes = {
	};
	objectVersion = 50;
	objects = {

/* Begin PBXFileReference section */
		2A827FD62309AF0600A3B13E /* ESP */ = {isa = PBXFileReference; lastKnownFileType = folder; path = ESP; sourceTree = "<group>"; };
		2A827FD92309B11F00A3B13E /* init */ = {isa = PBXFileReference; lastKnownFileType = folder; path = init; sourceTree = "<group>"; };
/* End PBXFileReference section */

/* Begin PBXGroup section */
		2A827FCD23079F4200A3B13E = {
			isa = PBXGroup;
			children = (
				2A827FD62309AF0600A3B13E /* ESP */,
				2A827FD92309B11F00A3B13E /* init */,
			);
			sourceTree = "<group>";
		};
/* End PBXGroup section */

/* Begin PBXProject section */
		2A827FCE23079F4200A3B13E /* Project object */ = {
			isa = PBXProject;
			attributes = {
				LastUpgradeCheck = 1000;
			};
			buildConfigurationList = 2A827FD123079F4200A3B13E /* Build configuration list for PBXProject "ArduinoDIYOpticalEncoder" */;
			compatibilityVersion = "Xcode 9.3";
			developmentRegion = en;
			hasScannedForEncodings = 0;
			knownRegions = (
				en,
			);
			mainGroup = 2A827FCD23079F4200A3B13E;
			projectDirPath = "";
			projectRoot = "";
			targets = (
			);
		};
/* End PBXProject section */

/* Begin XCBuildConfiguration section */
		2A827FD223079F4200A3B13E /* Debug */ = {
			isa = XCBuildConfiguration;
			buildSettings = {
			};
			name = Debug;
		};
		2A827FD323079F4200A3B13E /* Release */ = {
			isa = XCBuildConfiguration;
			buildSettings = {
			};
			name = Release;
		};
/* End XCBuildConfiguration section */

/* Begin XCConfigurationList section */
		2A827FD123079F4200A3B13E /* Build configuration list for PBXProject "ArduinoDIYOpticalEncoder" */ = {
			isa = XCConfigurationList;
			buildConfigurations = (
				2A827FD223079F4200A3B13E /* Debug */,
				2A827FD323079F4200A3B13E /* Release */,
			);
			defaultConfigurationIsVisible = 0;
			defaultConfigurationName = Release;
		};
/* End XCConfigurationList section */
	};
	rootObject = 2A827FCE23079F4200A3B13E /* Project object */;
}
